// !$*UTF8*$!
{
	archiveVersion = 1;
	classes = {
	};
	objectVersion = 77;
	objects = {

/* Begin PBXBuildFile section */
		A1B2C3D4E5F6A7B8C9D0E1F2 /* WidgetKit.framework in Frameworks */ = {isa = PBXBuildFile; fileRef = A1B2C3D4E5F6A7B8C9D0E1F3 /* WidgetKit.framework */; };
		A1B2C3D4E5F6A7B8C9D0E1F4 /* SwiftUI.framework in Frameworks */ = {isa = PBXBuildFile; fileRef = A1B2C3D4E5F6A7B8C9D0E1F5 /* SwiftUI.framework */; };
		A1B2C3D4E5F6A7B8C9D0E1F6 /* personal_finance_WidgetExtension.appex in Embed App Extensions */ = {isa = PBXBuildFile; fileRef = A1B2C3D4E5F6A7B8C9D0E200 /* personal_finance_WidgetExtension.appex */; settings = {ATTRIBUTES = (RemoveHeadersOnCopy, ); }; };
/* End PBXBuildFile section */

/* Begin PBXContainerItemProxy section */
		77CE59062F43FDE40059CF90 /* PBXContainerItemProxy */ = {
			isa = PBXContainerItemProxy;
			containerPortal = 77CE58EC2F43FDE20059CF90 /* Project object */;
			proxyType = 1;
			remoteGlobalIDString = 77CE58F32F43FDE20059CF90;
			remoteInfo = personal_finance;
		};
		77CE59102F43FDE40059CF90 /* PBXContainerItemProxy */ = {
			isa = PBXContainerItemProxy;
			containerPortal = 77CE58EC2F43FDE20059CF90 /* Project object */;
			proxyType = 1;
			remoteGlobalIDString = 77CE58F32F43FDE20059CF90;
			remoteInfo = personal_finance;
		};
		A1B2C3D4E5F6A7B8C9D0E201 /* PBXContainerItemProxy */ = {
			isa = PBXContainerItemProxy;
			containerPortal = 77CE58EC2F43FDE20059CF90 /* Project object */;
			proxyType = 1;
			remoteGlobalIDString = A1B2C3D4E5F6A7B8C9D0E1FF;
			remoteInfo = personal_finance_WidgetExtension;
		};
/* End PBXContainerItemProxy section */

/* Begin PBXCopyFilesBuildPhase section */
		A1B2C3D4E5F6A7B8C9D0E202 /* Embed App Extensions */ = {
			isa = PBXCopyFilesBuildPhase;
			buildActionMask = 2147483647;
			dstPath = "";
			dstSubfolderSpec = 13;
			files = (
				A1B2C3D4E5F6A7B8C9D0E1F6 /* personal_finance_WidgetExtension.appex in Embed App Extensions */,
			);
			name = "Embed App Extensions";
			runOnlyForDeploymentPostprocessing = 0;
		};
/* End PBXCopyFilesBuildPhase section */

/* Begin PBXFileReference section */
		77CE58F42F43FDE20059CF90 /* personal_finance.app */ = {isa = PBXFileReference; explicitFileType = wrapper.application; includeInIndex = 0; path = personal_finance.app; sourceTree = BUILT_PRODUCTS_DIR; };
		77CE59052F43FDE40059CF90 /* personal_financeTests.xctest */ = {isa = PBXFileReference; explicitFileType = wrapper.cfbundle; includeInIndex = 0; path = personal_financeTests.xctest; sourceTree = BUILT_PRODUCTS_DIR; };
		77CE590F2F43FDE40059CF90 /* personal_financeUITests.xctest */ = {isa = PBXFileReference; explicitFileType = wrapper.cfbundle; includeInIndex = 0; path = personal_financeUITests.xctest; sourceTree = BUILT_PRODUCTS_DIR; };
		A1B2C3D4E5F6A7B8C9D0E1F3 /* WidgetKit.framework */ = {isa = PBXFileReference; lastKnownFileType = wrapper.framework; name = WidgetKit.framework; path = System/Library/Frameworks/WidgetKit.framework; sourceTree = SDKROOT; };
		A1B2C3D4E5F6A7B8C9D0E1F5 /* SwiftUI.framework */ = {isa = PBXFileReference; lastKnownFileType = wrapper.framework; name = SwiftUI.framework; path = System/Library/Frameworks/SwiftUI.framework; sourceTree = SDKROOT; };
		A1B2C3D4E5F6A7B8C9D0E200 /* personal_finance_WidgetExtension.appex */ = {isa = PBXFileReference; explicitFileType = "wrapper.app-extension"; includeInIndex = 0; path = personal_finance_WidgetExtension.appex; sourceTree = BUILT_PRODUCTS_DIR; };
/* End PBXFileReference section */

/* Begin PBXFileSystemSynchronizedBuildFileExceptionSet section */
		77CE59172F43FDE40059CF90 /* Exceptions for "personal_finance" folder in "personal_finance" target */ = {
			isa = PBXFileSystemSynchronizedBuildFileExceptionSet;
			membershipExceptions = (
				Info.plist,
			);
			target = 77CE58F32F43FDE20059CF90 /* personal_finance */;
		};
		A1B2C3D4E5F6A7B8C9D0E210 /* Exceptions for "personal_finance" folder in "personal_finance_WidgetExtension" target */ = {
			isa = PBXFileSystemSynchronizedBuildFileExceptionSet;
			membershipExceptions = (
				Helpers/CurrencyFormatter.swift,
				Services/WidgetSnapshot.swift,
				Theme/AppTheme.swift,
				"Theme/Color+Hex.swift",
			);
			target = A1B2C3D4E5F6A7B8C9D0E1FF /* personal_finance_WidgetExtension */;
		};
		A1B2C3D4E5F6A7B8C9D0E211 /* Exceptions for "personal_finance_Widget" folder in "personal_finance_WidgetExtension" target */ = {
			isa = PBXFileSystemSynchronizedBuildFileExceptionSet;
			membershipExceptions = (
				Info.plist,
			);
			target = A1B2C3D4E5F6A7B8C9D0E1FF /* personal_finance_WidgetExtension */;
		};
/* End PBXFileSystemSynchronizedBuildFileExceptionSet section */

/* Begin PBXFileSystemSynchronizedRootGroup section */
		77CE58F62F43FDE20059CF90 /* personal_finance */ = {
			isa = PBXFileSystemSynchronizedRootGroup;
			exceptions = (
				77CE59172F43FDE40059CF90 /* Exceptions for "personal_finance" folder in "personal_finance" target */,
				A1B2C3D4E5F6A7B8C9D0E210 /* Exceptions for "personal_finance" folder in "personal_finance_WidgetExtension" target */,
			);
			path = personal_finance;
			sourceTree = "<group>";
		};
		77CE59082F43FDE40059CF90 /* personal_financeTests */ = {
			isa = PBXFileSystemSynchronizedRootGroup;
			path = personal_financeTests;
			sourceTree = "<group>";
		};
		77CE59122F43FDE40059CF90 /* personal_financeUITests */ = {
			isa = PBXFileSystemSynchronizedRootGroup;
			path = personal_financeUITests;
			sourceTree = "<group>";
		};
		A1B2C3D4E5F6A7B8C9D0E220 /* personal_finance_Widget */ = {
			isa = PBXFileSystemSynchronizedRootGroup;
			exceptions = (
				A1B2C3D4E5F6A7B8C9D0E211 /* Exceptions for "personal_finance_Widget" folder in "personal_finance_WidgetExtension" target */,
			);
			path = personal_finance_Widget;
			sourceTree = "<group>";
		};
/* End PBXFileSystemSynchronizedRootGroup section */

/* Begin PBXFrameworksBuildPhase section */
		77CE58F12F43FDE20059CF90 /* Frameworks */ = {
			isa = PBXFrameworksBuildPhase;
			buildActionMask = 2147483647;
			files = (
			);
			runOnlyForDeploymentPostprocessing = 0;
		};
		77CE59022F43FDE40059CF90 /* Frameworks */ = {
			isa = PBXFrameworksBuildPhase;
			buildActionMask = 2147483647;
			files = (
			);
			runOnlyForDeploymentPostprocessing = 0;
		};
		77CE590C2F43FDE40059CF90 /* Frameworks */ = {
			isa = PBXFrameworksBuildPhase;
			buildActionMask = 2147483647;
			files = (
			);
			runOnlyForDeploymentPostprocessing = 0;
		};
		A1B2C3D4E5F6A7B8C9D0E230 /* Frameworks */ = {
			isa = PBXFrameworksBuildPhase;
			buildActionMask = 2147483647;
			files = (
				A1B2C3D4E5F6A7B8C9D0E1F2 /* WidgetKit.framework in Frameworks */,
				A1B2C3D4E5F6A7B8C9D0E1F4 /* SwiftUI.framework in Frameworks */,
			);
			runOnlyForDeploymentPostprocessing = 0;
		};
/* End PBXFrameworksBuildPhase section */

/* Begin PBXGroup section */
		77CE58EB2F43FDE20059CF90 = {
			isa = PBXGroup;
			children = (
				77CE58F62F43FDE20059CF90 /* personal_finance */,
				A1B2C3D4E5F6A7B8C9D0E220 /* personal_finance_Widget */,
				77CE59082F43FDE40059CF90 /* personal_financeTests */,
				77CE59122F43FDE40059CF90 /* personal_financeUITests */,
				A1B2C3D4E5F6A7B8C9D0E240 /* Frameworks */,
				77CE58F52F43FDE20059CF90 /* Products */,
			);
			sourceTree = "<group>";
		};
		77CE58F52F43FDE20059CF90 /* Products */ = {
			isa = PBXGroup;
			children = (
				77CE58F42F43FDE20059CF90 /* personal_finance.app */,
				77CE59052F43FDE40059CF90 /* personal_financeTests.xctest */,
				77CE590F2F43FDE40059CF90 /* personal_financeUITests.xctest */,
				A1B2C3D4E5F6A7B8C9D0E200 /* personal_finance_WidgetExtension.appex */,
			);
			name = Products;
			sourceTree = "<group>";
		};
		A1B2C3D4E5F6A7B8C9D0E240 /* Frameworks */ = {
			isa = PBXGroup;
			children = (
				A1B2C3D4E5F6A7B8C9D0E1F3 /* WidgetKit.framework */,
				A1B2C3D4E5F6A7B8C9D0E1F5 /* SwiftUI.framework */,
			);
			name = Frameworks;
			sourceTree = "<group>";
		};
/* End PBXGroup section */

/* Begin PBXNativeTarget section */
		77CE58F32F43FDE20059CF90 /* personal_finance */ = {
			isa = PBXNativeTarget;
			buildConfigurationList = 77CE59182F43FDE40059CF90 /* Build configuration list for PBXNativeTarget "personal_finance" */;
			buildPhases = (
				77CE58F02F43FDE20059CF90 /* Sources */,
				77CE58F12F43FDE20059CF90 /* Frameworks */,
				77CE58F22F43FDE20059CF90 /* Resources */,
				A1B2C3D4E5F6A7B8C9D0E202 /* Embed App Extensions */,
			);
			buildRules = (
			);
			dependencies = (
				A1B2C3D4E5F6A7B8C9D0E203 /* PBXTargetDependency */,
			);
			fileSystemSynchronizedGroups = (
				77CE58F62F43FDE20059CF90 /* personal_finance */,
			);
			name = personal_finance;
			packageProductDependencies = (
			);
			productName = personal_finance;
			productReference = 77CE58F42F43FDE20059CF90 /* personal_finance.app */;
			productType = "com.apple.product-type.application";
		};
		77CE59042F43FDE40059CF90 /* personal_financeTests */ = {
			isa = PBXNativeTarget;
			buildConfigurationList = 77CE591D2F43FDE40059CF90 /* Build configuration list for PBXNativeTarget "personal_financeTests" */;
			buildPhases = (
				77CE59012F43FDE40059CF90 /* Sources */,
				77CE59022F43FDE40059CF90 /* Frameworks */,
				77CE59032F43FDE40059CF90 /* Resources */,
			);
			buildRules = (
			);
			dependencies = (
				77CE59072F43FDE40059CF90 /* PBXTargetDependency */,
			);
			fileSystemSynchronizedGroups = (
				77CE59082F43FDE40059CF90 /* personal_financeTests */,
			);
			name = personal_financeTests;
			packageProductDependencies = (
			);
			productName = personal_financeTests;
			productReference = 77CE59052F43FDE40059CF90 /* personal_financeTests.xctest */;
			productType = "com.apple.product-type.bundle.unit-test";
		};
		77CE590E2F43FDE40059CF90 /* personal_financeUITests */ = {
			isa = PBXNativeTarget;
			buildConfigurationList = 77CE59202F43FDE40059CF90 /* Build configuration list for PBXNativeTarget "personal_financeUITests" */;
			buildPhases = (
				77CE590B2F43FDE40059CF90 /* Sources */,
				77CE590C2F43FDE40059CF90 /* Frameworks */,
				77CE590D2F43FDE40059CF90 /* Resources */,
			);
			buildRules = (
			);
			dependencies = (
				77CE59112F43FDE40059CF90 /* PBXTargetDependency */,
			);
			fileSystemSynchronizedGroups = (
				77CE59122F43FDE40059CF90 /* personal_financeUITests */,
			);
			name = personal_financeUITests;
			packageProductDependencies = (
			);
			productName = personal_financeUITests;
			productReference = 77CE590F2F43FDE40059CF90 /* personal_financeUITests.xctest */;
			productType = "com.apple.product-type.bundle.ui-testing";
		};
		A1B2C3D4E5F6A7B8C9D0E1FF /* personal_finance_WidgetExtension */ = {
			isa = PBXNativeTarget;
			buildConfigurationList = A1B2C3D4E5F6A7B8C9D0E250 /* Build configuration list for PBXNativeTarget "personal_finance_WidgetExtension" */;
			buildPhases = (
				A1B2C3D4E5F6A7B8C9D0E231 /* Sources */,
				A1B2C3D4E5F6A7B8C9D0E230 /* Frameworks */,
				A1B2C3D4E5F6A7B8C9D0E232 /* Resources */,
			);
			buildRules = (
			);
			dependencies = (
			);
			fileSystemSynchronizedGroups = (
				A1B2C3D4E5F6A7B8C9D0E220 /* personal_finance_Widget */,
			);
			name = personal_finance_WidgetExtension;
			packageProductDependencies = (
			);
			productName = personal_finance_WidgetExtension;
			productReference = A1B2C3D4E5F6A7B8C9D0E200 /* personal_finance_WidgetExtension.appex */;
			productType = "com.apple.product-type.app-extension";
		};
/* End PBXNativeTarget section */

/* Begin PBXProject section */
		77CE58EC2F43FDE20059CF90 /* Project object */ = {
			isa = PBXProject;
			attributes = {
				BuildIndependentTargetsInParallel = 1;
				LastSwiftUpdateCheck = 2620;
				LastUpgradeCheck = 2620;
				TargetAttributes = {
					77CE58F32F43FDE20059CF90 = {
						CreatedOnToolsVersion = 26.2;
						SystemCapabilities = {
							com.apple.iCloud = {
								enabled = 1;
							};
						};
					};
					77CE59042F43FDE40059CF90 = {
						CreatedOnToolsVersion = 26.2;
						TestTargetID = 77CE58F32F43FDE20059CF90;
					};
					77CE590E2F43FDE40059CF90 = {
						CreatedOnToolsVersion = 26.2;
						TestTargetID = 77CE58F32F43FDE20059CF90;
					};
					A1B2C3D4E5F6A7B8C9D0E1FF = {
						CreatedOnToolsVersion = 26.2;
					};
				};
			};
			buildConfigurationList = 77CE58EF2F43FDE20059CF90 /* Build configuration list for PBXProject "personal_finance" */;
			developmentRegion = en;
			hasScannedForEncodings = 0;
			knownRegions = (
				en,
				Base,
			);
			mainGroup = 77CE58EB2F43FDE20059CF90;
			minimizedProjectReferenceProxies = 1;
			preferredProjectObjectVersion = 77;
			productRefGroup = 77CE58F52F43FDE20059CF90 /* Products */;
			projectDirPath = "";
			projectRoot = "";
			targets = (
				77CE58F32F43FDE20059CF90 /* personal_finance */,
				77CE59042F43FDE40059CF90 /* personal_financeTests */,
				77CE590E2F43FDE40059CF90 /* personal_financeUITests */,
				A1B2C3D4E5F6A7B8C9D0E1FF /* personal_finance_WidgetExtension */,
			);
		};
/* End PBXProject section */

/* Begin PBXResourcesBuildPhase section */
		77CE58F22F43FDE20059CF90 /* Resources */ = {
			isa = PBXResourcesBuildPhase;
			buildActionMask = 2147483647;
			files = (
			);
			runOnlyForDeploymentPostprocessing = 0;
		};
		77CE59032F43FDE40059CF90 /* Resources */ = {
			isa = PBXResourcesBuildPhase;
			buildActionMask = 2147483647;
			files = (
			);
			runOnlyForDeploymentPostprocessing = 0;
		};
		77CE590D2F43FDE40059CF90 /* Resources */ = {
			isa = PBXResourcesBuildPhase;
			buildActionMask = 2147483647;
			files = (
			);
			runOnlyForDeploymentPostprocessing = 0;
		};
		A1B2C3D4E5F6A7B8C9D0E232 /* Resources */ = {
			isa = PBXResourcesBuildPhase;
			buildActionMask = 2147483647;
			files = (
			);
			runOnlyForDeploymentPostprocessing = 0;
		};
/* End PBXResourcesBuildPhase section */

/* Begin PBXSourcesBuildPhase section */
		77CE58F02F43FDE20059CF90 /* Sources */ = {
			isa = PBXSourcesBuildPhase;
			buildActionMask = 2147483647;
			files = (
			);
			runOnlyForDeploymentPostprocessing = 0;
		};
		77CE59012F43FDE40059CF90 /* Sources */ = {
			isa = PBXSourcesBuildPhase;
			buildActionMask = 2147483647;
			files = (
			);
			runOnlyForDeploymentPostprocessing = 0;
		};
		77CE590B2F43FDE40059CF90 /* Sources */ = {
			isa = PBXSourcesBuildPhase;
			buildActionMask = 2147483647;
			files = (
			);
			runOnlyForDeploymentPostprocessing = 0;
		};
		A1B2C3D4E5F6A7B8C9D0E231 /* Sources */ = {
			isa = PBXSourcesBuildPhase;
			buildActionMask = 2147483647;
			files = (
			);
			runOnlyForDeploymentPostprocessing = 0;
		};
/* End PBXSourcesBuildPhase section */

/* Begin PBXTargetDependency section */
		77CE59072F43FDE40059CF90 /* PBXTargetDependency */ = {
			isa = PBXTargetDependency;
			target = 77CE58F32F43FDE20059CF90 /* personal_finance */;
			targetProxy = 77CE59062F43FDE40059CF90 /* PBXContainerItemProxy */;
		};
		77CE59112F43FDE40059CF90 /* PBXTargetDependency */ = {
			isa = PBXTargetDependency;
			target = 77CE58F32F43FDE20059CF90 /* personal_finance */;
			targetProxy = 77CE59102F43FDE40059CF90 /* PBXContainerItemProxy */;
		};
		A1B2C3D4E5F6A7B8C9D0E203 /* PBXTargetDependency */ = {
			isa = PBXTargetDependency;
			target = A1B2C3D4E5F6A7B8C9D0E1FF /* personal_finance_WidgetExtension */;
			targetProxy = A1B2C3D4E5F6A7B8C9D0E201 /* PBXContainerItemProxy */;
		};
/* End PBXTargetDependency section */

/* Begin XCBuildConfiguration section */
		77CE59192F43FDE40059CF90 /* Debug */ = {
			isa = XCBuildConfiguration;
			buildSettings = {
				ASSETCATALOG_COMPILER_APPICON_NAME = AppIcon;
				ASSETCATALOG_COMPILER_GLOBAL_ACCENT_COLOR_NAME = AccentColor;
				CODE_SIGN_ENTITLEMENTS = personal_finance/personal_finance.entitlements;
				CODE_SIGN_IDENTITY = "Apple Development";
				CODE_SIGN_STYLE = Automatic;
				CURRENT_PROJECT_VERSION = 1;
				DEVELOPMENT_TEAM = WY468E45SJ;
				ENABLE_APP_SANDBOX = YES;
				ENABLE_HARDENED_RUNTIME = YES;
				ENABLE_OUTGOING_NETWORK_CONNECTIONS = YES;
				ENABLE_PREVIEWS = YES;
				GENERATE_INFOPLIST_FILE = YES;
				INFOPLIST_FILE = personal_finance/Info.plist;
				INFOPLIST_KEY_CFBundleDisplayName = "錢芽記帳";
				INFOPLIST_KEY_UIApplicationSceneManifest_Generation = YES;
				INFOPLIST_KEY_UIApplicationSupportsIndirectInputEvents = YES;
				INFOPLIST_KEY_UILaunchScreen_Generation = YES;
				INFOPLIST_KEY_UISupportedInterfaceOrientations_iPad = "UIInterfaceOrientationPortrait UIInterfaceOrientationPortraitUpsideDown UIInterfaceOrientationLandscapeLeft UIInterfaceOrientationLandscapeRight";
				INFOPLIST_KEY_UISupportedInterfaceOrientations_iPhone = "UIInterfaceOrientationPortrait UIInterfaceOrientationLandscapeLeft UIInterfaceOrientationLandscapeRight";
				LD_RUNPATH_SEARCH_PATHS = (
					"$(inherited)",
					"@executable_path/Frameworks",
				);
				MARKETING_VERSION = 1.0;
				PRODUCT_BUNDLE_IDENTIFIER = "com.firstfu.com.personal-finance";
				PRODUCT_NAME = "$(TARGET_NAME)";
				PROVISIONING_PROFILE_SPECIFIER = "";
				REGISTER_APP_GROUPS = YES;
				STRING_CATALOG_GENERATE_SYMBOLS = YES;
				SUPPORTED_PLATFORMS = "iphoneos iphonesimulator";
				SUPPORTS_MACCATALYST = NO;
				SUPPORTS_XR_DESIGNED_FOR_IPHONE_IPAD = NO;
				SWIFT_APPROACHABLE_CONCURRENCY = YES;
				SWIFT_DEFAULT_ACTOR_ISOLATION = MainActor;
				SWIFT_EMIT_LOC_STRINGS = YES;
				SWIFT_UPCOMING_FEATURE_MEMBER_IMPORT_VISIBILITY = YES;
				SWIFT_VERSION = 5.0;
				TARGETED_DEVICE_FAMILY = "1,2";
			};
			name = Debug;
		};
		77CE591A2F43FDE40059CF90 /* Release */ = {
			isa = XCBuildConfiguration;
			buildSettings = {
				ASSETCATALOG_COMPILER_APPICON_NAME = AppIcon;
				ASSETCATALOG_COMPILER_GLOBAL_ACCENT_COLOR_NAME = AccentColor;
				CODE_SIGN_ENTITLEMENTS = personal_finance/personal_finance.entitlements;
				CODE_SIGN_IDENTITY = "Apple Development";
				CODE_SIGN_STYLE = Automatic;
				CURRENT_PROJECT_VERSION = 1;
				DEVELOPMENT_TEAM = WY468E45SJ;
				ENABLE_APP_SANDBOX = YES;
				ENABLE_HARDENED_RUNTIME = YES;
				ENABLE_OUTGOING_NETWORK_CONNECTIONS = YES;
				ENABLE_PREVIEWS = YES;
				GENERATE_INFOPLIST_FILE = YES;
				INFOPLIST_FILE = personal_finance/Info.plist;
				INFOPLIST_KEY_CFBundleDisplayName = "錢芽記帳";
				INFOPLIST_KEY_UIApplicationSceneManifest_Generation = YES;
				INFOPLIST_KEY_UIApplicationSupportsIndirectInputEvents = YES;
				INFOPLIST_KEY_UILaunchScreen_Generation = YES;
				INFOPLIST_KEY_UISupportedInterfaceOrientations_iPad = "UIInterfaceOrientationPortrait UIInterfaceOrientationPortraitUpsideDown UIInterfaceOrientationLandscapeLeft UIInterfaceOrientationLandscapeRight";
				INFOPLIST_KEY_UISupportedInterfaceOrientations_iPhone = "UIInterfaceOrientationPortrait UIInterfaceOrientationLandscapeLeft UIInterfaceOrientationLandscapeRight";
				LD_RUNPATH_SEARCH_PATHS = (
					"$(inherited)",
					"@executable_path/Frameworks",
				);
				MARKETING_VERSION = 1.0;
				PRODUCT_BUNDLE_IDENTIFIER = "com.firstfu.com.personal-finance";
				PRODUCT_NAME = "$(TARGET_NAME)";
				PROVISIONING_PROFILE_SPECIFIER = "";
				REGISTER_APP_GROUPS = YES;
				STRING_CATALOG_GENERATE_SYMBOLS = YES;
				SUPPORTED_PLATFORMS = "iphoneos iphonesimulator";
				SUPPORTS_MACCATALYST = NO;
				SUPPORTS_XR_DESIGNED_FOR_IPHONE_IPAD = NO;
				SWIFT_APPROACHABLE_CONCURRENCY = YES;
				SWIFT_DEFAULT_ACTOR_ISOLATION = MainActor;
				SWIFT_EMIT_LOC_STRINGS = YES;
				SWIFT_UPCOMING_FEATURE_MEMBER_IMPORT_VISIBILITY = YES;
				SWIFT_VERSION = 5.0;
				TARGETED_DEVICE_FAMILY = "1,2";
			};
			name = Release;
		};
		77CE591B2F43FDE40059CF90 /* Debug */ = {
			isa = XCBuildConfiguration;
			buildSettings = {
				ALWAYS_SEARCH_USER_PATHS = NO;
				ASSETCATALOG_COMPILER_GENERATE_SWIFT_ASSET_SYMBOL_EXTENSIONS = YES;
				CLANG_ANALYZER_NONNULL = YES;
				CLANG_ANALYZER_NUMBER_OBJECT_CONVERSION = YES_AGGRESSIVE;
				CLANG_CXX_LANGUAGE_STANDARD = "gnu++20";
				CLANG_ENABLE_MODULES = YES;
				CLANG_ENABLE_OBJC_ARC = YES;
				CLANG_ENABLE_OBJC_WEAK = YES;
				CLANG_WARN_BLOCK_CAPTURE_AUTORELEASING = YES;
				CLANG_WARN_BOOL_CONVERSION = YES;
				CLANG_WARN_COMMA = YES;
				CLANG_WARN_CONSTANT_CONVERSION = YES;
				CLANG_WARN_DEPRECATED_OBJC_IMPLEMENTATIONS = YES;
				CLANG_WARN_DIRECT_OBJC_ISA_USAGE = YES_ERROR;
				CLANG_WARN_DOCUMENTATION_COMMENTS = YES;
				CLANG_WARN_EMPTY_BODY = YES;
				CLANG_WARN_ENUM_CONVERSION = YES;
				CLANG_WARN_INFINITE_RECURSION = YES;
				CLANG_WARN_INT_CONVERSION = YES;
				CLANG_WARN_NON_LITERAL_NULL_CONVERSION = YES;
				CLANG_WARN_OBJC_IMPLICIT_RETAIN_SELF = YES;
				CLANG_WARN_OBJC_LITERAL_CONVERSION = YES;
				CLANG_WARN_OBJC_ROOT_CLASS = YES_ERROR;
				CLANG_WARN_QUOTED_INCLUDE_IN_FRAMEWORK_HEADER = YES;
				CLANG_WARN_RANGE_LOOP_ANALYSIS = YES;
				CLANG_WARN_STRICT_PROTOTYPES = YES;
				CLANG_WARN_SUSPICIOUS_MOVE = YES;
				CLANG_WARN_UNGUARDED_AVAILABILITY = YES_AGGRESSIVE;
				CLANG_WARN_UNREACHABLE_CODE = YES;
				CLANG_WARN__DUPLICATE_METHOD_MATCH = YES;
				COPY_PHASE_STRIP = NO;
				DEBUG_INFORMATION_FORMAT = dwarf;
				DEVELOPMENT_TEAM = WY468E45SJ;
				ENABLE_STRICT_OBJC_MSGSEND = YES;
				ENABLE_TESTABILITY = YES;
				ENABLE_USER_SCRIPT_SANDBOXING = YES;
				GCC_C_LANGUAGE_STANDARD = gnu17;
				GCC_DYNAMIC_NO_PIC = NO;
				GCC_NO_COMMON_BLOCKS = YES;
				GCC_OPTIMIZATION_LEVEL = 0;
				GCC_PREPROCESSOR_DEFINITIONS = (
					"DEBUG=1",
					"$(inherited)",
				);
				GCC_WARN_64_TO_32_BIT_CONVERSION = YES;
				GCC_WARN_ABOUT_RETURN_TYPE = YES_ERROR;
				GCC_WARN_UNDECLARED_SELECTOR = YES;
				GCC_WARN_UNINITIALIZED_AUTOS = YES_AGGRESSIVE;
				GCC_WARN_UNUSED_FUNCTION = YES;
				GCC_WARN_UNUSED_VARIABLE = YES;
				IPHONEOS_DEPLOYMENT_TARGET = 26.2;
				LOCALIZATION_PREFERS_STRING_CATALOGS = YES;
				MTL_ENABLE_DEBUG_INFO = INCLUDE_SOURCE;
				MTL_FAST_MATH = YES;
				ONLY_ACTIVE_ARCH = YES;
				SDKROOT = iphoneos;
				SWIFT_ACTIVE_COMPILATION_CONDITIONS = "DEBUG $(inherited)";
				SWIFT_OPTIMIZATION_LEVEL = "-Onone";
			};
			name = Debug;
		};
		77CE591C2F43FDE40059CF90 /* Release */ = {
			isa = XCBuildConfiguration;
			buildSettings = {
				ALWAYS_SEARCH_USER_PATHS = NO;
				ASSETCATALOG_COMPILER_GENERATE_SWIFT_ASSET_SYMBOL_EXTENSIONS = YES;
				CLANG_ANALYZER_NONNULL = YES;
				CLANG_ANALYZER_NUMBER_OBJECT_CONVERSION = YES_AGGRESSIVE;
				CLANG_CXX_LANGUAGE_STANDARD = "gnu++20";
				CLANG_ENABLE_MODULES = YES;
				CLANG_ENABLE_OBJC_ARC = YES;
				CLANG_ENABLE_OBJC_WEAK = YES;
				CLANG_WARN_BLOCK_CAPTURE_AUTORELEASING = YES;
				CLANG_WARN_BOOL_CONVERSION = YES;
				CLANG_WARN_COMMA = YES;
				CLANG_WARN_CONSTANT_CONVERSION = YES;
				CLANG_WARN_DEPRECATED_OBJC_IMPLEMENTATIONS = YES;
				CLANG_WARN_DIRECT_OBJC_ISA_USAGE = YES_ERROR;
				CLANG_WARN_DOCUMENTATION_COMMENTS = YES;
				CLANG_WARN_EMPTY_BODY = YES;
				CLANG_WARN_ENUM_CONVERSION = YES;
				CLANG_WARN_INFINITE_RECURSION = YES;
				CLANG_WARN_INT_CONVERSION = YES;
				CLANG_WARN_NON_LITERAL_NULL_CONVERSION = YES;
				CLANG_WARN_OBJC_IMPLICIT_RETAIN_SELF = YES;
				CLANG_WARN_OBJC_LITERAL_CONVERSION = YES;
				CLANG_WARN_OBJC_ROOT_CLASS = YES_ERROR;
				CLANG_WARN_QUOTED_INCLUDE_IN_FRAMEWORK_HEADER = YES;
				CLANG_WARN_RANGE_LOOP_ANALYSIS = YES;
				CLANG_WARN_STRICT_PROTOTYPES = YES;
				CLANG_WARN_SUSPICIOUS_MOVE = YES;
				CLANG_WARN_UNGUARDED_AVAILABILITY = YES_AGGRESSIVE;
				CLANG_WARN_UNREACHABLE_CODE = YES;
				CLANG_WARN__DUPLICATE_METHOD_MATCH = YES;
				COPY_PHASE_STRIP = NO;
				DEBUG_INFORMATION_FORMAT = "dwarf-with-dsym";
				DEVELOPMENT_TEAM = WY468E45SJ;
				ENABLE_NS_ASSERTIONS = NO;
				ENABLE_STRICT_OBJC_MSGSEND = YES;
				ENABLE_USER_SCRIPT_SANDBOXING = YES;
				GCC_C_LANGUAGE_STANDARD = gnu17;
				GCC_NO_COMMON_BLOCKS = YES;
				GCC_WARN_64_TO_32_BIT_CONVERSION = YES;
				GCC_WARN_ABOUT_RETURN_TYPE = YES_ERROR;
				GCC_WARN_UNDECLARED_SELECTOR = YES;
				GCC_WARN_UNINITIALIZED_AUTOS = YES_AGGRESSIVE;
				GCC_WARN_UNUSED_FUNCTION = YES;
				GCC_WARN_UNUSED_VARIABLE = YES;
				IPHONEOS_DEPLOYMENT_TARGET = 26.2;
				LOCALIZATION_PREFERS_STRING_CATALOGS = YES;
				MTL_ENABLE_DEBUG_INFO = NO;
				MTL_FAST_MATH = YES;
				SDKROOT = iphoneos;
				SWIFT_COMPILATION_MODE = wholemodule;
				VALIDATE_PRODUCT = YES;
			};
			name = Release;
		};
		77CE591E2F43FDE40059CF90 /* Debug */ = {
			isa = XCBuildConfiguration;
			buildSettings = {
				BUNDLE_LOADER = "$(TEST_HOST)";
				CODE_SIGN_IDENTITY = "Apple Development";
				CODE_SIGN_STYLE = Automatic;
				CURRENT_PROJECT_VERSION = 1;
				DEVELOPMENT_TEAM = WY468E45SJ;
				GENERATE_INFOPLIST_FILE = YES;
				IPHONEOS_DEPLOYMENT_TARGET = 26.2;
				MARKETING_VERSION = 1.0;
				PRODUCT_BUNDLE_IDENTIFIER = "com.firstfu.com.personal-financeTests";
				PRODUCT_NAME = "$(TARGET_NAME)";
				PROVISIONING_PROFILE_SPECIFIER = "";
				STRING_CATALOG_GENERATE_SYMBOLS = NO;
				SUPPORTED_PLATFORMS = "iphoneos iphonesimulator";
				SUPPORTS_MACCATALYST = YES;
				SUPPORTS_MAC_DESIGNED_FOR_IPHONE_IPAD = NO;
				SUPPORTS_XR_DESIGNED_FOR_IPHONE_IPAD = NO;
				SWIFT_APPROACHABLE_CONCURRENCY = YES;
				SWIFT_EMIT_LOC_STRINGS = NO;
				SWIFT_UPCOMING_FEATURE_MEMBER_IMPORT_VISIBILITY = YES;
				SWIFT_VERSION = 5.0;
				TARGETED_DEVICE_FAMILY = "1,2";
				TEST_HOST = "$(BUILT_PRODUCTS_DIR)/personal_finance.app/$(BUNDLE_EXECUTABLE_FOLDER_PATH)/personal_finance";
			};
			name = Debug;
		};
		77CE591F2F43FDE40059CF90 /* Release */ = {
			isa = XCBuildConfiguration;
			buildSettings = {
				BUNDLE_LOADER = "$(TEST_HOST)";
				CODE_SIGN_IDENTITY = "Apple Development";
				CODE_SIGN_STYLE = Automatic;
				CURRENT_PROJECT_VERSION = 1;
				DEVELOPMENT_TEAM = WY468E45SJ;
				GENERATE_INFOPLIST_FILE = YES;
				IPHONEOS_DEPLOYMENT_TARGET = 26.2;
				MARKETING_VERSION = 1.0;
				PRODUCT_BUNDLE_IDENTIFIER = "com.firstfu.com.personal-financeTests";
				PRODUCT_NAME = "$(TARGET_NAME)";
				PROVISIONING_PROFILE_SPECIFIER = "";
				STRING_CATALOG_GENERATE_SYMBOLS = NO;
				SUPPORTED_PLATFORMS = "iphoneos iphonesimulator";
				SUPPORTS_MACCATALYST = YES;
				SUPPORTS_MAC_DESIGNED_FOR_IPHONE_IPAD = NO;
				SUPPORTS_XR_DESIGNED_FOR_IPHONE_IPAD = NO;
				SWIFT_APPROACHABLE_CONCURRENCY = YES;
				SWIFT_EMIT_LOC_STRINGS = NO;
				SWIFT_UPCOMING_FEATURE_MEMBER_IMPORT_VISIBILITY = YES;
				SWIFT_VERSION = 5.0;
				TARGETED_DEVICE_FAMILY = "1,2";
				TEST_HOST = "$(BUILT_PRODUCTS_DIR)/personal_finance.app/$(BUNDLE_EXECUTABLE_FOLDER_PATH)/personal_finance";
			};
			name = Release;
		};
		77CE59212F43FDE40059CF90 /* Debug */ = {
			isa = XCBuildConfiguration;
			buildSettings = {
				CODE_SIGN_IDENTITY = "Apple Development";
				CODE_SIGN_STYLE = Automatic;
				CURRENT_PROJECT_VERSION = 1;
				DEVELOPMENT_TEAM = WY468E45SJ;
				GENERATE_INFOPLIST_FILE = YES;
				MARKETING_VERSION = 1.0;
				PRODUCT_BUNDLE_IDENTIFIER = "com.firstfu.com.personal-financeUITests";
				PRODUCT_NAME = "$(TARGET_NAME)";
				PROVISIONING_PROFILE_SPECIFIER = "";
				STRING_CATALOG_GENERATE_SYMBOLS = NO;
				SUPPORTED_PLATFORMS = "iphoneos iphonesimulator";
				SUPPORTS_MACCATALYST = YES;
				SUPPORTS_MAC_DESIGNED_FOR_IPHONE_IPAD = NO;
				SUPPORTS_XR_DESIGNED_FOR_IPHONE_IPAD = NO;
				SWIFT_APPROACHABLE_CONCURRENCY = YES;
				SWIFT_EMIT_LOC_STRINGS = NO;
				SWIFT_UPCOMING_FEATURE_MEMBER_IMPORT_VISIBILITY = YES;
				SWIFT_VERSION = 5.0;
				TARGETED_DEVICE_FAMILY = "1,2";
				TEST_TARGET_NAME = personal_finance;
			};
			name = Debug;
		};
		77CE59222F43FDE40059CF90 /* Release */ = {
			isa = XCBuildConfiguration;
			buildSettings = {
				CODE_SIGN_IDENTITY = "Apple Development";
				CODE_SIGN_STYLE = Automatic;
				CURRENT_PROJECT_VERSION = 1;
				DEVELOPMENT_TEAM = WY468E45SJ;
				GENERATE_INFOPLIST_FILE = YES;
				MARKETING_VERSION = 1.0;
				PRODUCT_BUNDLE_IDENTIFIER = "com.firstfu.com.personal-financeUITests";
				PRODUCT_NAME = "$(TARGET_NAME)";
				PROVISIONING_PROFILE_SPECIFIER = "";
				STRING_CATALOG_GENERATE_SYMBOLS = NO;
				SUPPORTED_PLATFORMS = "iphoneos iphonesimulator";
				SUPPORTS_MACCATALYST = YES;
				SUPPORTS_MAC_DESIGNED_FOR_IPHONE_IPAD = NO;
				SUPPORTS_XR_DESIGNED_FOR_IPHONE_IPAD = NO;
				SWIFT_APPROACHABLE_CONCURRENCY = YES;
				SWIFT_EMIT_LOC_STRINGS = NO;
				SWIFT_UPCOMING_FEATURE_MEMBER_IMPORT_VISIBILITY = YES;
				SWIFT_VERSION = 5.0;
				TARGETED_DEVICE_FAMILY = "1,2";
				TEST_TARGET_NAME = personal_finance;
			};
			name = Release;
		};
		A1B2C3D4E5F6A7B8C9D0E251 /* Debug */ = {
			isa = XCBuildConfiguration;
			buildSettings = {
				ASSETCATALOG_COMPILER_GLOBAL_ACCENT_COLOR_NAME = AccentColor;
				ASSETCATALOG_COMPILER_WIDGET_BACKGROUND_COLOR_NAME = WidgetBackground;
				CODE_SIGN_ENTITLEMENTS = personal_finance_Widget/personal_finance_Widget.entitlements;
				CODE_SIGN_IDENTITY = "Apple Development";
				CODE_SIGN_STYLE = Automatic;
				CURRENT_PROJECT_VERSION = 1;
				DEVELOPMENT_TEAM = WY468E45SJ;
				GENERATE_INFOPLIST_FILE = YES;
				INFOPLIST_FILE = personal_finance_Widget/Info.plist;
				INFOPLIST_KEY_CFBundleDisplayName = "錢芽記帳";
				INFOPLIST_KEY_NSHumanReadableCopyright = "";
				IPHONEOS_DEPLOYMENT_TARGET = 26.2;
				LD_RUNPATH_SEARCH_PATHS = (
					"$(inherited)",
					"@executable_path/Frameworks",
					"@executable_path/../../Frameworks",
				);
				MARKETING_VERSION = 1.0;
				PRODUCT_BUNDLE_IDENTIFIER = "com.firstfu.com.personal-finance.Widget";
				PRODUCT_NAME = "$(TARGET_NAME)";
				PROVISIONING_PROFILE_SPECIFIER = "";
				SKIP_INSTALL = YES;
				SUPPORTED_PLATFORMS = "iphoneos iphonesimulator";
				SUPPORTS_MACCATALYST = NO;
				SUPPORTS_XR_DESIGNED_FOR_IPHONE_IPAD = NO;
				SWIFT_APPROACHABLE_CONCURRENCY = YES;
				SWIFT_DEFAULT_ACTOR_ISOLATION = MainActor;
				SWIFT_EMIT_LOC_STRINGS = YES;
				SWIFT_VERSION = 5.0;
				TARGETED_DEVICE_FAMILY = "1,2";
			};
			name = Debug;
		};
		A1B2C3D4E5F6A7B8C9D0E252 /* Release */ = {
			isa = XCBuildConfiguration;
			buildSettings = {
				ASSETCATALOG_COMPILER_GLOBAL_ACCENT_COLOR_NAME = AccentColor;
				ASSETCATALOG_COMPILER_WIDGET_BACKGROUND_COLOR_NAME = WidgetBackground;
				CODE_SIGN_ENTITLEMENTS = personal_finance_Widget/personal_finance_Widget.entitlements;
				CODE_SIGN_IDENTITY = "Apple Development";
				CODE_SIGN_STYLE = Automatic;
				CURRENT_PROJECT_VERSION = 1;
				DEVELOPMENT_TEAM = WY468E45SJ;
				GENERATE_INFOPLIST_FILE = YES;
				INFOPLIST_FILE = personal_finance_Widget/Info.plist;
				INFOPLIST_KEY_CFBundleDisplayName = "錢芽記帳";
				INFOPLIST_KEY_NSHumanReadableCopyright = "";
				IPHONEOS_DEPLOYMENT_TARGET = 26.2;
				LD_RUNPATH_SEARCH_PATHS = (
					"$(inherited)",
					"@executable_path/Frameworks",
					"@executable_path/../../Frameworks",
				);
				MARKETING_VERSION = 1.0;
				PRODUCT_BUNDLE_IDENTIFIER = "com.firstfu.com.personal-finance.Widget";
				PRODUCT_NAME = "$(TARGET_NAME)";
				PROVISIONING_PROFILE_SPECIFIER = "";
				SKIP_INSTALL = YES;
				SUPPORTED_PLATFORMS = "iphoneos iphonesimulator";
				SUPPORTS_MACCATALYST = NO;
				SUPPORTS_XR_DESIGNED_FOR_IPHONE_IPAD = NO;
				SWIFT_APPROACHABLE_CONCURRENCY = YES;
				SWIFT_DEFAULT_ACTOR_ISOLATION = MainActor;
				SWIFT_EMIT_LOC_STRINGS = YES;
				SWIFT_VERSION = 5.0;
				TARGETED_DEVICE_FAMILY = "1,2";
			};
			name = Release;
		};
/* End XCBuildConfiguration section */

/* Begin XCConfigurationList section */
		77CE58EF2F43FDE20059CF90 /* Build configuration list for PBXProject "personal_finance" */ = {
			isa = XCConfigurationList;
			buildConfigurations = (
				77CE591B2F43FDE40059CF90 /* Debug */,
				77CE591C2F43FDE40059CF90 /* Release */,
			);
			defaultConfigurationIsVisible = 0;
			defaultConfigurationName = Release;
		};
		77CE59182F43FDE40059CF90 /* Build configuration list for PBXNativeTarget "personal_finance" */ = {
			isa = XCConfigurationList;
			buildConfigurations = (
				77CE59192F43FDE40059CF90 /* Debug */,
				77CE591A2F43FDE40059CF90 /* Release */,
			);
			defaultConfigurationIsVisible = 0;
			defaultConfigurationName = Release;
		};
		77CE591D2F43FDE40059CF90 /* Build configuration list for PBXNativeTarget "personal_financeTests" */ = {
			isa = XCConfigurationList;
			buildConfigurations = (
				77CE591E2F43FDE40059CF90 /* Debug */,
				77CE591F2F43FDE40059CF90 /* Release */,
			);
			defaultConfigurationIsVisible = 0;
			defaultConfigurationName = Release;
		};
		77CE59202F43FDE40059CF90 /* Build configuration list for PBXNativeTarget "personal_financeUITests" */ = {
			isa = XCConfigurationList;
			buildConfigurations = (
				77CE59212F43FDE40059CF90 /* Debug */,
				77CE59222F43FDE40059CF90 /* Release */,
			);
			defaultConfigurationIsVisible = 0;
			defaultConfigurationName = Release;
		};
		A1B2C3D4E5F6A7B8C9D0E250 /* Build configuration list for PBXNativeTarget "personal_finance_WidgetExtension" */ = {
			isa = XCConfigurationList;
			buildConfigurations = (
				A1B2C3D4E5F6A7B8C9D0E251 /* Debug */,
				A1B2C3D4E5F6A7B8C9D0E252 /* Release */,
			);
			defaultConfigurationIsVisible = 0;
			defaultConfigurationName = Release;
		};
/* End XCConfigurationList section */
	};
	rootObject = 77CE58EC2F43FDE20059CF90 /* Project object */;
}
